// !$*UTF8*$!
{
	archiveVersion = 1;
	classes = {
	};
	objectVersion = 46;
	objects = {

/* Begin PBXBuildFile section */
		52178D041F322474003CC407 /* main.m in Sources */ = {isa = PBXBuildFile; fileRef = 52178D031F322474003CC407 /* main.m */; };
		52178D071F322474003CC407 /* AppDelegate.m in Sources */ = {isa = PBXBuildFile; fileRef = 52178D061F322474003CC407 /* AppDelegate.m */; };
		52178D0D1F322474003CC407 /* Main.storyboard in Resources */ = {isa = PBXBuildFile; fileRef = 52178D0B1F322474003CC407 /* Main.storyboard */; };
		52178D0F1F322474003CC407 /* Assets.xcassets in Resources */ = {isa = PBXBuildFile; fileRef = 52178D0E1F322474003CC407 /* Assets.xcassets */; };
		52178D121F322474003CC407 /* LaunchScreen.storyboard in Resources */ = {isa = PBXBuildFile; fileRef = 52178D101F322474003CC407 /* LaunchScreen.storyboard */; };
		52C58AB71F3237F900A9D6C4 /* RDXStore.m in Sources */ = {isa = PBXBuildFile; fileRef = 52C58AB61F3237F900A9D6C4 /* RDXStore.m */; };
		52C58ABD1F3360B700A9D6C4 /* ViewController.m in Sources */ = {isa = PBXBuildFile; fileRef = 52C58ABC1F3360B700A9D6C4 /* ViewController.m */; };
		52C58AC01F33624100A9D6C4 /* State.m in Sources */ = {isa = PBXBuildFile; fileRef = 52C58ABF1F33624100A9D6C4 /* State.m */; };
		52C58AC31F33627B00A9D6C4 /* Reducer.m in Sources */ = {isa = PBXBuildFile; fileRef = 52C58AC21F33627B00A9D6C4 /* Reducer.m */; };
		52C58AC61F33630800A9D6C4 /* Action.m in Sources */ = {isa = PBXBuildFile; fileRef = 52C58AC51F33630800A9D6C4 /* Action.m */; };
/* End PBXBuildFile section */

/* Begin PBXFileReference section */
		52178CFF1F322474003CC407 /* ReduxObjC.app */ = {isa = PBXFileReference; explicitFileType = wrapper.application; includeInIndex = 0; path = ReduxObjC.app; sourceTree = BUILT_PRODUCTS_DIR; };
		52178D031F322474003CC407 /* main.m */ = {isa = PBXFileReference; lastKnownFileType = sourcecode.c.objc; path = main.m; sourceTree = "<group>"; };
		52178D051F322474003CC407 /* AppDelegate.h */ = {isa = PBXFileReference; lastKnownFileType = sourcecode.c.h; path = AppDelegate.h; sourceTree = "<group>"; };
		52178D061F322474003CC407 /* AppDelegate.m */ = {isa = PBXFileReference; lastKnownFileType = sourcecode.c.objc; path = AppDelegate.m; sourceTree = "<group>"; };
		52178D0C1F322474003CC407 /* Base */ = {isa = PBXFileReference; lastKnownFileType = file.storyboard; name = Base; path = Base.lproj/Main.storyboard; sourceTree = "<group>"; };
		52178D0E1F322474003CC407 /* Assets.xcassets */ = {isa = PBXFileReference; lastKnownFileType = folder.assetcatalog; path = Assets.xcassets; sourceTree = "<group>"; };
		52178D111F322474003CC407 /* Base */ = {isa = PBXFileReference; lastKnownFileType = file.storyboard; name = Base; path = Base.lproj/LaunchScreen.storyboard; sourceTree = "<group>"; };
		52178D131F322474003CC407 /* Info.plist */ = {isa = PBXFileReference; lastKnownFileType = text.plist.xml; path = Info.plist; sourceTree = "<group>"; };
		52C58AAC1F322C1B00A9D6C4 /* RDXAction.h */ = {isa = PBXFileReference; fileEncoding = 4; lastKnownFileType = sourcecode.c.h; path = RDXAction.h; sourceTree = "<group>"; };
		52C58AB21F32365100A9D6C4 /* RDXReducer.h */ = {isa = PBXFileReference; fileEncoding = 4; lastKnownFileType = sourcecode.c.h; path = RDXReducer.h; sourceTree = "<group>"; };
		52C58AB51F3237F900A9D6C4 /* RDXStore.h */ = {isa = PBXFileReference; fileEncoding = 4; lastKnownFileType = sourcecode.c.h; path = RDXStore.h; sourceTree = "<group>"; };
		52C58AB61F3237F900A9D6C4 /* RDXStore.m */ = {isa = PBXFileReference; fileEncoding = 4; lastKnownFileType = sourcecode.c.objc; path = RDXStore.m; sourceTree = "<group>"; };
		52C58ABB1F3360B700A9D6C4 /* ViewController.h */ = {isa = PBXFileReference; fileEncoding = 4; lastKnownFileType = sourcecode.c.h; path = ViewController.h; sourceTree = "<group>"; };
		52C58ABC1F3360B700A9D6C4 /* ViewController.m */ = {isa = PBXFileReference; fileEncoding = 4; lastKnownFileType = sourcecode.c.objc; path = ViewController.m; sourceTree = "<group>"; };
		52C58ABE1F33624100A9D6C4 /* State.h */ = {isa = PBXFileReference; fileEncoding = 4; lastKnownFileType = sourcecode.c.h; path = State.h; sourceTree = "<group>"; };
		52C58ABF1F33624100A9D6C4 /* State.m */ = {isa = PBXFileReference; fileEncoding = 4; lastKnownFileType = sourcecode.c.objc; path = State.m; sourceTree = "<group>"; };
		52C58AC11F33627B00A9D6C4 /* Reducer.h */ = {isa = PBXFileReference; fileEncoding = 4; lastKnownFileType = sourcecode.c.h; path = Reducer.h; sourceTree = "<group>"; };
		52C58AC21F33627B00A9D6C4 /* Reducer.m */ = {isa = PBXFileReference; fileEncoding = 4; lastKnownFileType = sourcecode.c.objc; path = Reducer.m; sourceTree = "<group>"; };
		52C58AC41F33630800A9D6C4 /* Action.h */ = {isa = PBXFileReference; fileEncoding = 4; lastKnownFileType = sourcecode.c.h; path = Action.h; sourceTree = "<group>"; };
		52C58AC51F33630800A9D6C4 /* Action.m */ = {isa = PBXFileReference; fileEncoding = 4; lastKnownFileType = sourcecode.c.objc; path = Action.m; sourceTree = "<group>"; };
		52C58AC71F33767600A9D6C4 /* RDXState.h */ = {isa = PBXFileReference; fileEncoding = 4; lastKnownFileType = sourcecode.c.h; path = RDXState.h; sourceTree = "<group>"; };
/* End PBXFileReference section */

/* Begin PBXFrameworksBuildPhase section */
		52178CFC1F322474003CC407 /* Frameworks */ = {
			isa = PBXFrameworksBuildPhase;
			buildActionMask = 2147483647;
			files = (
			);
			runOnlyForDeploymentPostprocessing = 0;
		};
/* End PBXFrameworksBuildPhase section */

/* Begin PBXGroup section */
		52178CF61F322474003CC407 = {
			isa = PBXGroup;
			children = (
				52178D001F322474003CC407 /* Products */,
				52178D011F322474003CC407 /* ReduxObjC */,
			);
			sourceTree = "<group>";
		};
		52178D001F322474003CC407 /* Products */ = {
			isa = PBXGroup;
			children = (
				52178CFF1F322474003CC407 /* ReduxObjC.app */,
			);
			name = Products;
			sourceTree = "<group>";
		};
		52178D011F322474003CC407 /* ReduxObjC */ = {
			isa = PBXGroup;
			children = (
				52178D191F322603003CC407 /* Demo */,
				52C58AAB1F3229EE00A9D6C4 /* Redux */,
			);
			path = ReduxObjC;
			sourceTree = "<group>";
		};
		52178D021F322474003CC407 /* Supporting Files */ = {
			isa = PBXGroup;
			children = (
				52178D0E1F322474003CC407 /* Assets.xcassets */,
				52178D131F322474003CC407 /* Info.plist */,
				52178D101F322474003CC407 /* LaunchScreen.storyboard */,
				52178D031F322474003CC407 /* main.m */,
				52178D0B1F322474003CC407 /* Main.storyboard */,
			);
			path = "Supporting Files";
			sourceTree = "<group>";
		};
		52178D191F322603003CC407 /* Demo */ = {
			isa = PBXGroup;
			children = (
				52178D021F322474003CC407 /* Supporting Files */,
				52C58AC41F33630800A9D6C4 /* Action.h */,
				52C58AC51F33630800A9D6C4 /* Action.m */,
				52178D051F322474003CC407 /* AppDelegate.h */,
				52178D061F322474003CC407 /* AppDelegate.m */,
				52C58AC11F33627B00A9D6C4 /* Reducer.h */,
				52C58AC21F33627B00A9D6C4 /* Reducer.m */,
				52C58ABE1F33624100A9D6C4 /* State.h */,
				52C58ABF1F33624100A9D6C4 /* State.m */,
				52C58ABB1F3360B700A9D6C4 /* ViewController.h */,
				52C58ABC1F3360B700A9D6C4 /* ViewController.m */,
			);
			path = Demo;
			sourceTree = "<group>";
		};
		52C58AAB1F3229EE00A9D6C4 /* Redux */ = {
			isa = PBXGroup;
			children = (
				52C58AAC1F322C1B00A9D6C4 /* RDXAction.h */,
				52C58AB21F32365100A9D6C4 /* RDXReducer.h */,
				52C58AC71F33767600A9D6C4 /* RDXState.h */,
				52C58AB51F3237F900A9D6C4 /* RDXStore.h */,
				52C58AB61F3237F900A9D6C4 /* RDXStore.m */,
			);
			path = Redux;
			sourceTree = "<group>";
		};
/* End PBXGroup section */

/* Begin PBXNativeTarget section */
		52178CFE1F322474003CC407 /* ReduxObjC */ = {
			isa = PBXNativeTarget;
			buildConfigurationList = 52178D161F322474003CC407 /* Build configuration list for PBXNativeTarget "ReduxObjC" */;
			buildPhases = (
				52178CFB1F322474003CC407 /* Sources */,
				52178CFC1F322474003CC407 /* Frameworks */,
				52178CFD1F322474003CC407 /* Resources */,
			);
			buildRules = (
			);
			dependencies = (
			);
			name = ReduxObjC;
			productName = ReduxObjC;
			productReference = 52178CFF1F322474003CC407 /* ReduxObjC.app */;
			productType = "com.apple.product-type.application";
		};
/* End PBXNativeTarget section */

/* Begin PBXProject section */
		52178CF71F322474003CC407 /* Project object */ = {
			isa = PBXProject;
			attributes = {
				LastUpgradeCheck = 0830;
				ORGANIZATIONNAME = Nelson;
				TargetAttributes = {
					52178CFE1F322474003CC407 = {
						CreatedOnToolsVersion = 8.3.3;
						ProvisioningStyle = Automatic;
					};
				};
			};
			buildConfigurationList = 52178CFA1F322474003CC407 /* Build configuration list for PBXProject "ReduxObjC" */;
			compatibilityVersion = "Xcode 3.2";
			developmentRegion = English;
			hasScannedForEncodings = 0;
			knownRegions = (
				en,
				Base,
			);
			mainGroup = 52178CF61F322474003CC407;
			productRefGroup = 52178D001F322474003CC407 /* Products */;
			projectDirPath = "";
			projectRoot = "";
			targets = (
				52178CFE1F322474003CC407 /* ReduxObjC */,
			);
		};
/* End PBXProject section */

/* Begin PBXResourcesBuildPhase section */
		52178CFD1F322474003CC407 /* Resources */ = {
			isa = PBXResourcesBuildPhase;
			buildActionMask = 2147483647;
			files = (
				52178D0F1F322474003CC407 /* Assets.xcassets in Resources */,
				52178D121F322474003CC407 /* LaunchScreen.storyboard in Resources */,
				52178D0D1F322474003CC407 /* Main.storyboard in Resources */,
			);
			runOnlyForDeploymentPostprocessing = 0;
		};
/* End PBXResourcesBuildPhase section */

/* Begin PBXSourcesBuildPhase section */
		52178CFB1F322474003CC407 /* Sources */ = {
			isa = PBXSourcesBuildPhase;
			buildActionMask = 2147483647;
			files = (
				52C58AC61F33630800A9D6C4 /* Action.m in Sources */,
				52178D071F322474003CC407 /* AppDelegate.m in Sources */,
				52178D041F322474003CC407 /* main.m in Sources */,
				52C58AB71F3237F900A9D6C4 /* RDXStore.m in Sources */,
				52C58AC31F33627B00A9D6C4 /* Reducer.m in Sources */,
				52C58AC01F33624100A9D6C4 /* State.m in Sources */,
				52C58ABD1F3360B700A9D6C4 /* ViewController.m in Sources */,
			);
			runOnlyForDeploymentPostprocessing = 0;
		};
/* End PBXSourcesBuildPhase section */

/* Begin PBXVariantGroup section */
		52178D0B1F322474003CC407 /* Main.storyboard */ = {
			isa = PBXVariantGroup;
			children = (
				52178D0C1F322474003CC407 /* Base */,
			);
			name = Main.storyboard;
			path = .;
			sourceTree = "<group>";
		};
		52178D101F322474003CC407 /* LaunchScreen.storyboard */ = {
			isa = PBXVariantGroup;
			children = (
				52178D111F322474003CC407 /* Base */,
			);
			name = LaunchScreen.storyboard;
			path = .;
			sourceTree = "<group>";
		};
/* End PBXVariantGroup section */

/* Begin XCBuildConfiguration section */
		52178D141F322474003CC407 /* Debug */ = {
			isa = XCBuildConfiguration;
			buildSettings = {
				ALWAYS_SEARCH_USER_PATHS = NO;
				CLANG_ANALYZER_NONNULL = YES;
				CLANG_ANALYZER_NUMBER_OBJECT_CONVERSION = YES_AGGRESSIVE;
				CLANG_CXX_LANGUAGE_STANDARD = "gnu++0x";
				CLANG_CXX_LIBRARY = "libc++";
				CLANG_ENABLE_MODULES = YES;
				CLANG_ENABLE_OBJC_ARC = YES;
				CLANG_WARN_BOOL_CONVERSION = YES;
				CLANG_WARN_CONSTANT_CONVERSION = YES;
				CLANG_WARN_DIRECT_OBJC_ISA_USAGE = YES_ERROR;
				CLANG_WARN_DOCUMENTATION_COMMENTS = YES;
				CLANG_WARN_EMPTY_BODY = YES;
				CLANG_WARN_ENUM_CONVERSION = YES;
				CLANG_WARN_INFINITE_RECURSION = YES;
				CLANG_WARN_INT_CONVERSION = YES;
				CLANG_WARN_OBJC_ROOT_CLASS = YES_ERROR;
				CLANG_WARN_SUSPICIOUS_MOVE = YES;
				CLANG_WARN_UNREACHABLE_CODE = YES;
				CLANG_WARN__DUPLICATE_METHOD_MATCH = YES;
				"CODE_SIGN_IDENTITY[sdk=iphoneos*]" = "iPhone Developer";
				COPY_PHASE_STRIP = NO;
				DEBUG_INFORMATION_FORMAT = dwarf;
				ENABLE_STRICT_OBJC_MSGSEND = YES;
				ENABLE_TESTABILITY = YES;
				GCC_C_LANGUAGE_STANDARD = gnu99;
				GCC_DYNAMIC_NO_PIC = NO;
				GCC_NO_COMMON_BLOCKS = YES;
				GCC_OPTIMIZATION_LEVEL = 0;
				GCC_PREPROCESSOR_DEFINITIONS = (
					"DEBUG=1",
					"$(inherited)",
				);
				GCC_WARN_64_TO_32_BIT_CONVERSION = YES;
				GCC_WARN_ABOUT_RETURN_TYPE = YES_ERROR;
				GCC_WARN_UNDECLARED_SELECTOR = YES;
				GCC_WARN_UNINITIALIZED_AUTOS = YES_AGGRESSIVE;
				GCC_WARN_UNUSED_FUNCTION = YES;
				GCC_WARN_UNUSED_VARIABLE = YES;
				IPHONEOS_DEPLOYMENT_TARGET = 10.3;
				MTL_ENABLE_DEBUG_INFO = YES;
				ONLY_ACTIVE_ARCH = YES;
				SDKROOT = iphoneos;
			};
			name = Debug;
		};
		52178D151F322474003CC407 /* Release */ = {
			isa = XCBuildConfiguration;
			buildSettings = {
				ALWAYS_SEARCH_USER_PATHS = NO;
				CLANG_ANALYZER_NONNULL = YES;
				CLANG_ANALYZER_NUMBER_OBJECT_CONVERSION = YES_AGGRESSIVE;
				CLANG_CXX_LANGUAGE_STANDARD = "gnu++0x";
				CLANG_CXX_LIBRARY = "libc++";
				CLANG_ENABLE_MODULES = YES;
				CLANG_ENABLE_OBJC_ARC = YES;
				CLANG_WARN_BOOL_CONVERSION = YES;
				CLANG_WARN_CONSTANT_CONVERSION = YES;
				CLANG_WARN_DIRECT_OBJC_ISA_USAGE = YES_ERROR;
				CLANG_WARN_DOCUMENTATION_COMMENTS = YES;
				CLANG_WARN_EMPTY_BODY = YES;
				CLANG_WARN_ENUM_CONVERSION = YES;
				CLANG_WARN_INFINITE_RECURSION = YES;
				CLANG_WARN_INT_CONVERSION = YES;
				CLANG_WARN_OBJC_ROOT_CLASS = YES_ERROR;
				CLANG_WARN_SUSPICIOUS_MOVE = YES;
				CLANG_WARN_UNREACHABLE_CODE = YES;
				CLANG_WARN__DUPLICATE_METHOD_MATCH = YES;
				"CODE_SIGN_IDENTITY[sdk=iphoneos*]" = "iPhone Developer";
				COPY_PHASE_STRIP = NO;
				DEBUG_INFORMATION_FORMAT = "dwarf-with-dsym";
				ENABLE_NS_ASSERTIONS = NO;
				ENABLE_STRICT_OBJC_MSGSEND = YES;
				GCC_C_LANGUAGE_STANDARD = gnu99;
				GCC_NO_COMMON_BLOCKS = YES;
				GCC_WARN_64_TO_32_BIT_CONVERSION = YES;
				GCC_WARN_ABOUT_RETURN_TYPE = YES_ERROR;
				GCC_WARN_UNDECLARED_SELECTOR = YES;
				GCC_WARN_UNINITIALIZED_AUTOS = YES_AGGRESSIVE;
				GCC_WARN_UNUSED_FUNCTION = YES;
				GCC_WARN_UNUSED_VARIABLE = YES;
				IPHONEOS_DEPLOYMENT_TARGET = 10.3;
				MTL_ENABLE_DEBUG_INFO = NO;
				SDKROOT = iphoneos;
				VALIDATE_PRODUCT = YES;
			};
			name = Release;
		};
		52178D171F322474003CC407 /* Debug */ = {
			isa = XCBuildConfiguration;
			buildSettings = {
				ASSETCATALOG_COMPILER_APPICON_NAME = AppIcon;
				INFOPLIST_FILE = "ReduxObjC/Demo/Supporting Files/Info.plist";
				LD_RUNPATH_SEARCH_PATHS = "$(inherited) @executable_path/Frameworks";
				PRODUCT_BUNDLE_IDENTIFIER = com.nelson.ReduxObjC;
				PRODUCT_NAME = "$(TARGET_NAME)";
			};
			name = Debug;
		};
		52178D181F322474003CC407 /* Release */ = {
			isa = XCBuildConfiguration;
			buildSettings = {
				ASSETCATALOG_COMPILER_APPICON_NAME = AppIcon;
				INFOPLIST_FILE = "ReduxObjC/Demo/Supporting Files/Info.plist";
				LD_RUNPATH_SEARCH_PATHS = "$(inherited) @executable_path/Frameworks";
				PRODUCT_BUNDLE_IDENTIFIER = com.nelson.ReduxObjC;
				PRODUCT_NAME = "$(TARGET_NAME)";
			};
			name = Release;
		};
/* End XCBuildConfiguration section */

/* Begin XCConfigurationList section */
		52178CFA1F322474003CC407 /* Build configuration list for PBXProject "ReduxObjC" */ = {
			isa = XCConfigurationList;
			buildConfigurations = (
				52178D141F322474003CC407 /* Debug */,
				52178D151F322474003CC407 /* Release */,
			);
			defaultConfigurationIsVisible = 0;
			defaultConfigurationName = Release;
		};
		52178D161F322474003CC407 /* Build configuration list for PBXNativeTarget "ReduxObjC" */ = {
			isa = XCConfigurationList;
			buildConfigurations = (
				52178D171F322474003CC407 /* Debug */,
				52178D181F322474003CC407 /* Release */,
			);
			defaultConfigurationIsVisible = 0;
			defaultConfigurationName = Release;
		};
/* End XCConfigurationList section */
	};
	rootObject = 52178CF71F322474003CC407 /* Project object */;
}
